
Microsoft Visual Studio Solution File, Format Version 12.00
# Visual Studio Version 17
VisualStudioVersion = 17.0.31903.59
MinimumVisualStudioVersion = 10.0.40219.1
Project("{2150E333-8FDC-42A3-9474-1A3956D46DE8}") = "Account", "Account", "{2F8AC1DB-504A-428A-9EE6-0C463FD04AA8}"
EndProject
Project("{FAE04EC0-301F-11D3-BF4B-00C04F79EFBC}") = "Account.Api", "Account\Account.Api\Account.Api.csproj", "{7C17B03F-0D7E-4A43-B971-04B8579E6F81}"
EndProject
Project("{FAE04EC0-301F-11D3-BF4B-00C04F79EFBC}") = "Account.Domain", "Account\Account.Domain\Account.Domain.csproj", "{3EC48D7D-E8BE-4069-97DA-203FA5460C5B}"
EndProject
Project("{FAE04EC0-301F-11D3-BF4B-00C04F79EFBC}") = "Account.IOC", "Account\Account.IOC\Account.IOC.csproj", "{83F9FB70-F566-4C49-A9C1-0EE150D4619F}"
EndProject
Project("{FAE04EC0-301F-11D3-BF4B-00C04F79EFBC}") = "Account.Migrator", "Account\Account.Migrator\Account.Migrator.csproj", "{6538A6C4-FE74-4DF7-9153-44D4C647B619}"
EndProject
Project("{FAE04EC0-301F-11D3-BF4B-00C04F79EFBC}") = "Account.Persistence", "Account\Account.Persistence\Account.Persistence.csproj", "{811AB2A1-2B3D-4A05-9D5D-3EAE387D3F6F}"
EndProject
Project("{FAE04EC0-301F-11D3-BF4B-00C04F79EFBC}") = "Account.Security", "Account\Account.Security\Account.Security.csproj", "{89832416-499F-4AB1-817E-2F7F6D71A61E}"
EndProject
Project("{2150E333-8FDC-42A3-9474-1A3956D46DE8}") = "Shared", "Shared", "{90E79F50-3533-42B0-B0FE-272085F395CD}"
EndProject
Project("{FAE04EC0-301F-11D3-BF4B-00C04F79EFBC}") = "Shared.Api", "Shared\Shared.Api\Shared.Api.csproj", "{B0040C95-F603-4A99-93A4-D829725F1081}"
EndProject
Project("{FAE04EC0-301F-11D3-BF4B-00C04F79EFBC}") = "Shared.Entities", "Shared\Shared.Entities\Shared.Entities.csproj", "{7B4E9F92-EEA7-4855-AC87-C08EE8C5F2E7}"
EndProject
Project("{FAE04EC0-301F-11D3-BF4B-00C04F79EFBC}") = "Shared.Logging", "Shared\Shared.Logging\Shared.Logging.csproj", "{D215F6B9-C1E2-46ED-89F9-CE905D24FB61}"
EndProject
Project("{FAE04EC0-301F-11D3-BF4B-00C04F79EFBC}") = "Shared.Migrator", "Shared\Shared.Migrator\Shared.Migrator.csproj", "{EEFF5575-F97E-4DEB-8B57-9D868D2C2B39}"
EndProject
Project("{FAE04EC0-301F-11D3-BF4B-00C04F79EFBC}") = "Shared.Persistence", "Shared\Shared.Persistence\Shared.Persistence.csproj", "{C65D7088-942A-4B69-9AD8-3B6B3704D626}"
EndProject
Project("{FAE04EC0-301F-11D3-BF4B-00C04F79EFBC}") = "Shared.Validation", "Shared\Shared.Validation\Shared.Validation.csproj", "{B52A2FEC-3A06-4B54-AB27-EE93C88A64B7}"
EndProject
Project("{2150E333-8FDC-42A3-9474-1A3956D46DE8}") = "Transaction", "Transaction", "{1AE25906-9AE3-4CC2-AE2A-52E1FEE7AE53}"
EndProject
Project("{FAE04EC0-301F-11D3-BF4B-00C04F79EFBC}") = "Transaction.Api", "Transaction\Transaction.Api\Transaction.Api.csproj", "{A3BAEC16-0CDC-4A7F-A291-5885E2B4BF1B}"
EndProject
Project("{FAE04EC0-301F-11D3-BF4B-00C04F79EFBC}") = "Transaction.Domain", "Transaction\Transaction.Domain\Transaction.Domain.csproj", "{4FB6CF72-0FED-4D3A-987E-9223A4B9C935}"
EndProject
Project("{FAE04EC0-301F-11D3-BF4B-00C04F79EFBC}") = "Transaction.IOC", "Transaction\Transaction.IOC\Transaction.IOC.csproj", "{BB34F06D-AB72-4DB7-AB63-31E8C70D5982}"
EndProject
Project("{FAE04EC0-301F-11D3-BF4B-00C04F79EFBC}") = "Transaction.Persistence", "Transaction\Transaction.Persistence\Transaction.Persistence.csproj", "{523C27B0-8D7A-4A8C-884B-8B3C004A3B05}"
EndProject
Project("{FAE04EC0-301F-11D3-BF4B-00C04F79EFBC}") = "Yarp", "Yarp\Yarp.csproj", "{388C7310-B0AD-4BA8-8F00-D3972917857F}"
EndProject
Global
	GlobalSection(SolutionConfigurationPlatforms) = preSolution
		Debug|Any CPU = Debug|Any CPU
		Release|Any CPU = Release|Any CPU
	EndGlobalSection
	GlobalSection(SolutionProperties) = preSolution
		HideSolutionNode = FALSE
	EndGlobalSection
	GlobalSection(ProjectConfigurationPlatforms) = postSolution
		{7C17B03F-0D7E-4A43-B971-04B8579E6F81}.Debug|Any CPU.ActiveCfg = Debug|Any CPU
		{7C17B03F-0D7E-4A43-B971-04B8579E6F81}.Debug|Any CPU.Build.0 = Debug|Any CPU
		{7C17B03F-0D7E-4A43-B971-04B8579E6F81}.Release|Any CPU.ActiveCfg = Release|Any CPU
		{7C17B03F-0D7E-4A43-B971-04B8579E6F81}.Release|Any CPU.Build.0 = Release|Any CPU
		{3EC48D7D-E8BE-4069-97DA-203FA5460C5B}.Debug|Any CPU.ActiveCfg = Debug|Any CPU
		{3EC48D7D-E8BE-4069-97DA-203FA5460C5B}.Debug|Any CPU.Build.0 = Debug|Any CPU
		{3EC48D7D-E8BE-4069-97DA-203FA5460C5B}.Release|Any CPU.ActiveCfg = Release|Any CPU
		{3EC48D7D-E8BE-4069-97DA-203FA5460C5B}.Release|Any CPU.Build.0 = Release|Any CPU
		{83F9FB70-F566-4C49-A9C1-0EE150D4619F}.Debug|Any CPU.ActiveCfg = Debug|Any CPU
		{83F9FB70-F566-4C49-A9C1-0EE150D4619F}.Debug|Any CPU.Build.0 = Debug|Any CPU
		{83F9FB70-F566-4C49-A9C1-0EE150D4619F}.Release|Any CPU.ActiveCfg = Release|Any CPU
		{83F9FB70-F566-4C49-A9C1-0EE150D4619F}.Release|Any CPU.Build.0 = Release|Any CPU
		{6538A6C4-FE74-4DF7-9153-44D4C647B619}.Debug|Any CPU.ActiveCfg = Debug|Any CPU
		{6538A6C4-FE74-4DF7-9153-44D4C647B619}.Debug|Any CPU.Build.0 = Debug|Any CPU
		{6538A6C4-FE74-4DF7-9153-44D4C647B619}.Release|Any CPU.ActiveCfg = Release|Any CPU
		{6538A6C4-FE74-4DF7-9153-44D4C647B619}.Release|Any CPU.Build.0 = Release|Any CPU
		{811AB2A1-2B3D-4A05-9D5D-3EAE387D3F6F}.Debug|Any CPU.ActiveCfg = Debug|Any CPU
		{811AB2A1-2B3D-4A05-9D5D-3EAE387D3F6F}.Debug|Any CPU.Build.0 = Debug|Any CPU
		{811AB2A1-2B3D-4A05-9D5D-3EAE387D3F6F}.Release|Any CPU.ActiveCfg = Release|Any CPU
		{811AB2A1-2B3D-4A05-9D5D-3EAE387D3F6F}.Release|Any CPU.Build.0 = Release|Any CPU
		{89832416-499F-4AB1-817E-2F7F6D71A61E}.Debug|Any CPU.ActiveCfg = Debug|Any CPU
		{89832416-499F-4AB1-817E-2F7F6D71A61E}.Debug|Any CPU.Build.0 = Debug|Any CPU
		{89832416-499F-4AB1-817E-2F7F6D71A61E}.Release|Any CPU.ActiveCfg = Release|Any CPU
		{89832416-499F-4AB1-817E-2F7F6D71A61E}.Release|Any CPU.Build.0 = Release|Any CPU
		{B0040C95-F603-4A99-93A4-D829725F1081}.Debug|Any CPU.ActiveCfg = Debug|Any CPU
		{B0040C95-F603-4A99-93A4-D829725F1081}.Debug|Any CPU.Build.0 = Debug|Any CPU
		{B0040C95-F603-4A99-93A4-D829725F1081}.Release|Any CPU.ActiveCfg = Release|Any CPU
		{B0040C95-F603-4A99-93A4-D829725F1081}.Release|Any CPU.Build.0 = Release|Any CPU
		{7B4E9F92-EEA7-4855-AC87-C08EE8C5F2E7}.Debug|Any CPU.ActiveCfg = Debug|Any CPU
		{7B4E9F92-EEA7-4855-AC87-C08EE8C5F2E7}.Debug|Any CPU.Build.0 = Debug|Any CPU
		{7B4E9F92-EEA7-4855-AC87-C08EE8C5F2E7}.Release|Any CPU.ActiveCfg = Release|Any CPU
		{7B4E9F92-EEA7-4855-AC87-C08EE8C5F2E7}.Release|Any CPU.Build.0 = Release|Any CPU
		{D215F6B9-C1E2-46ED-89F9-CE905D24FB61}.Debug|Any CPU.ActiveCfg = Debug|Any CPU
		{D215F6B9-C1E2-46ED-89F9-CE905D24FB61}.Debug|Any CPU.Build.0 = Debug|Any CPU
		{D215F6B9-C1E2-46ED-89F9-CE905D24FB61}.Release|Any CPU.ActiveCfg = Release|Any CPU
		{D215F6B9-C1E2-46ED-89F9-CE905D24FB61}.Release|Any CPU.Build.0 = Release|Any CPU
		{EEFF5575-F97E-4DEB-8B57-9D868D2C2B39}.Debug|Any CPU.ActiveCfg = Debug|Any CPU
		{EEFF5575-F97E-4DEB-8B57-9D868D2C2B39}.Debug|Any CPU.Build.0 = Debug|Any CPU
		{EEFF5575-F97E-4DEB-8B57-9D868D2C2B39}.Release|Any CPU.ActiveCfg = Release|Any CPU
		{EEFF5575-F97E-4DEB-8B57-9D868D2C2B39}.Release|Any CPU.Build.0 = Release|Any CPU
		{C65D7088-942A-4B69-9AD8-3B6B3704D626}.Debug|Any CPU.ActiveCfg = Debug|Any CPU
		{C65D7088-942A-4B69-9AD8-3B6B3704D626}.Debug|Any CPU.Build.0 = Debug|Any CPU
		{C65D7088-942A-4B69-9AD8-3B6B3704D626}.Release|Any CPU.ActiveCfg = Release|Any CPU
		{C65D7088-942A-4B69-9AD8-3B6B3704D626}.Release|Any CPU.Build.0 = Release|Any CPU
		{B52A2FEC-3A06-4B54-AB27-EE93C88A64B7}.Debug|Any CPU.ActiveCfg = Debug|Any CPU
		{B52A2FEC-3A06-4B54-AB27-EE93C88A64B7}.Debug|Any CPU.Build.0 = Debug|Any CPU
		{B52A2FEC-3A06-4B54-AB27-EE93C88A64B7}.Release|Any CPU.ActiveCfg = Release|Any CPU
		{B52A2FEC-3A06-4B54-AB27-EE93C88A64B7}.Release|Any CPU.Build.0 = Release|Any CPU
		{A3BAEC16-0CDC-4A7F-A291-5885E2B4BF1B}.Debug|Any CPU.ActiveCfg = Debug|Any CPU
		{A3BAEC16-0CDC-4A7F-A291-5885E2B4BF1B}.Debug|Any CPU.Build.0 = Debug|Any CPU
		{A3BAEC16-0CDC-4A7F-A291-5885E2B4BF1B}.Release|Any CPU.ActiveCfg = Release|Any CPU
		{A3BAEC16-0CDC-4A7F-A291-5885E2B4BF1B}.Release|Any CPU.Build.0 = Release|Any CPU
		{4FB6CF72-0FED-4D3A-987E-9223A4B9C935}.Debug|Any CPU.ActiveCfg = Debug|Any CPU
		{4FB6CF72-0FED-4D3A-987E-9223A4B9C935}.Debug|Any CPU.Build.0 = Debug|Any CPU
		{4FB6CF72-0FED-4D3A-987E-9223A4B9C935}.Release|Any CPU.ActiveCfg = Release|Any CPU
		{4FB6CF72-0FED-4D3A-987E-9223A4B9C935}.Release|Any CPU.Build.0 = Release|Any CPU
		{BB34F06D-AB72-4DB7-AB63-31E8C70D5982}.Debug|Any CPU.ActiveCfg = Debug|Any CPU
		{BB34F06D-AB72-4DB7-AB63-31E8C70D5982}.Debug|Any CPU.Build.0 = Debug|Any CPU
		{BB34F06D-AB72-4DB7-AB63-31E8C70D5982}.Release|Any CPU.ActiveCfg = Release|Any CPU
		{BB34F06D-AB72-4DB7-AB63-31E8C70D5982}.Release|Any CPU.Build.0 = Release|Any CPU
		{523C27B0-8D7A-4A8C-884B-8B3C004A3B05}.Debug|Any CPU.ActiveCfg = Debug|Any CPU
		{523C27B0-8D7A-4A8C-884B-8B3C004A3B05}.Debug|Any CPU.Build.0 = Debug|Any CPU
		{523C27B0-8D7A-4A8C-884B-8B3C004A3B05}.Release|Any CPU.ActiveCfg = Release|Any CPU
		{523C27B0-8D7A-4A8C-884B-8B3C004A3B05}.Release|Any CPU.Build.0 = Release|Any CPU
		{388C7310-B0AD-4BA8-8F00-D3972917857F}.Debug|Any CPU.ActiveCfg = Debug|Any CPU
		{388C7310-B0AD-4BA8-8F00-D3972917857F}.Debug|Any CPU.Build.0 = Debug|Any CPU
		{388C7310-B0AD-4BA8-8F00-D3972917857F}.Release|Any CPU.ActiveCfg = Release|Any CPU
		{388C7310-B0AD-4BA8-8F00-D3972917857F}.Release|Any CPU.Build.0 = Release|Any CPU
	EndGlobalSection
	GlobalSection(NestedProjects) = preSolution
		{7C17B03F-0D7E-4A43-B971-04B8579E6F81} = {2F8AC1DB-504A-428A-9EE6-0C463FD04AA8}
		{3EC48D7D-E8BE-4069-97DA-203FA5460C5B} = {2F8AC1DB-504A-428A-9EE6-0C463FD04AA8}
		{83F9FB70-F566-4C49-A9C1-0EE150D4619F} = {2F8AC1DB-504A-428A-9EE6-0C463FD04AA8}
		{6538A6C4-FE74-4DF7-9153-44D4C647B619} = {2F8AC1DB-504A-428A-9EE6-0C463FD04AA8}
		{811AB2A1-2B3D-4A05-9D5D-3EAE387D3F6F} = {2F8AC1DB-504A-428A-9EE6-0C463FD04AA8}
		{89832416-499F-4AB1-817E-2F7F6D71A61E} = {2F8AC1DB-504A-428A-9EE6-0C463FD04AA8}
		{B0040C95-F603-4A99-93A4-D829725F1081} = {90E79F50-3533-42B0-B0FE-272085F395CD}
		{7B4E9F92-EEA7-4855-AC87-C08EE8C5F2E7} = {90E79F50-3533-42B0-B0FE-272085F395CD}
		{D215F6B9-C1E2-46ED-89F9-CE905D24FB61} = {90E79F50-3533-42B0-B0FE-272085F395CD}
		{EEFF5575-F97E-4DEB-8B57-9D868D2C2B39} = {90E79F50-3533-42B0-B0FE-272085F395CD}
		{C65D7088-942A-4B69-9AD8-3B6B3704D626} = {90E79F50-3533-42B0-B0FE-272085F395CD}
		{B52A2FEC-3A06-4B54-AB27-EE93C88A64B7} = {90E79F50-3533-42B0-B0FE-272085F395CD}
		{A3BAEC16-0CDC-4A7F-A291-5885E2B4BF1B} = {1AE25906-9AE3-4CC2-AE2A-52E1FEE7AE53}
		{4FB6CF72-0FED-4D3A-987E-9223A4B9C935} = {1AE25906-9AE3-4CC2-AE2A-52E1FEE7AE53}
		{BB34F06D-AB72-4DB7-AB63-31E8C70D5982} = {1AE25906-9AE3-4CC2-AE2A-52E1FEE7AE53}
		{523C27B0-8D7A-4A8C-884B-8B3C004A3B05} = {1AE25906-9AE3-4CC2-AE2A-52E1FEE7AE53}
	EndGlobalSection
EndGlobal
